schema: '2.0'
stages:
  load_data:
    cmd: python src/load_data.py --config=params.yaml
    deps:
    - path: data_given/winequality.csv
      md5: be27b6f214fffe4c84f60b2036c292a8
      size: 390376
    - path: src/get_data.py
      md5: db7730736da9e3274083bc90eccf7000
      size: 682
    - path: src/load_data.py
      md5: ae423fe6c62dded8c1ed1cd5d5dd169e
      size: 695
    outs:
    - path: data/raw/winequality.csv
      md5: 310322fb31e163dcb0598fc16983497e
      size: 419123
  split_data:
    cmd: python src/split_data.py --config=params.yaml
    deps:
    - path: data/raw/winequality.csv
      md5: 310322fb31e163dcb0598fc16983497e
      size: 419123
    - path: src/split_data.py
      md5: e7c962d591ced08adfa96a2029d99c32
      size: 1103
    outs:
    - path: data/processed/test_winequality.csv
      md5: d4b022c0fd19af0fceef52faa7df406d
      size: 83933
    - path: data/processed/train_winequality.csv
      md5: 1d82ce0d14ca694000846b1b7538ed42
      size: 335342
  train_and_evaluate:
    cmd: python src/train_and_evaluate.py --config=params.yaml
    deps:
    - path: data/processed/test_winequality.csv
      md5: d4b022c0fd19af0fceef52faa7df406d
      size: 83933
    - path: data/processed/train_winequality.csv
      md5: 1d82ce0d14ca694000846b1b7538ed42
      size: 335342
    - path: src/train_and_evaluate.py
      md5: 2901a4eefd773bcd992358495cc7a4ce
      size: 2763
    params:
      params.yaml:
        estimators.ElasticNet.params.alpha: 0.7
        estimators.ElasticNet.params.l1_ratio: 0.4
    outs:
    - path: report/params.json
      md5: 1a1eea97e93a98c1c77e2c184dea8763
      size: 44
    - path: report/scores.json
      md5: d2a1b05a64e4366ec5beca3e98f8e263
      size: 100
    - path: saved_models/model.joblib
      md5: 445e465756c9c00420607d3fdaed7efc
      size: 736
